// !$*UTF8*$!
{
	archiveVersion = 1;
	classes = {
	};
	objectVersion = 50;
	objects = {

/* Begin PBXBuildFile section */
		885052B9AAB61A7319CC880D /* Pods_BeyondSwiftUITests.framework in Frameworks */ = {isa = PBXBuildFile; fileRef = DE9B0BCBAF9E078FCD7BB742 /* Pods_BeyondSwiftUITests.framework */; };
		A7E344A5F623588D84FC4EC1 /* Pods_BeyondSwiftTests.framework in Frameworks */ = {isa = PBXBuildFile; fileRef = 924E83057E83392A46322C07 /* Pods_BeyondSwiftTests.framework */; };
		AC044DF784068631DDDCC448 /* Pods_BeyondSwift.framework in Frameworks */ = {isa = PBXBuildFile; fileRef = EE941BA0F3CF2FBA89655F9B /* Pods_BeyondSwift.framework */; };
		CDBCF09C213D7EB20084AF86 /* ReactViewController.swift in Sources */ = {isa = PBXBuildFile; fileRef = CDBCF09B213D7EB20084AF86 /* ReactViewController.swift */; };
		CDBCF09E213D7EC90084AF86 /* ReactViewModel.swift in Sources */ = {isa = PBXBuildFile; fileRef = CDBCF09D213D7EC90084AF86 /* ReactViewModel.swift */; };
		CDBCF0A0213D7EDE0084AF86 /* ReactView.xib in Resources */ = {isa = PBXBuildFile; fileRef = CDBCF09F213D7EDE0084AF86 /* ReactView.xib */; };
		CDBFA77D213D967300AC24F1 /* APIQuotes.swift in Sources */ = {isa = PBXBuildFile; fileRef = CDBFA77C213D967300AC24F1 /* APIQuotes.swift */; };
		CDBFA77F213D97DB00AC24F1 /* Quote.swift in Sources */ = {isa = PBXBuildFile; fileRef = CDBFA77E213D97DB00AC24F1 /* Quote.swift */; };
		CDBFA789213DAD1200AC24F1 /* QuoteTableViewCell.swift in Sources */ = {isa = PBXBuildFile; fileRef = CDBFA788213DAD1200AC24F1 /* QuoteTableViewCell.swift */; };
		CDBFA78B213DAD3700AC24F1 /* QuoteCell.xib in Resources */ = {isa = PBXBuildFile; fileRef = CDBFA78A213DAD3700AC24F1 /* QuoteCell.xib */; };
		CDBFA78D213DAECE00AC24F1 /* aspas.png in Resources */ = {isa = PBXBuildFile; fileRef = CDBFA78C213DAECE00AC24F1 /* aspas.png */; };
		CDBFA78F213DB12300AC24F1 /* QuoteCellViewModel.swift in Sources */ = {isa = PBXBuildFile; fileRef = CDBFA78E213DB12300AC24F1 /* QuoteCellViewModel.swift */; };
		CDD5E69C216BC4DE0011C983 /* DetailViewModel.swift in Sources */ = {isa = PBXBuildFile; fileRef = CDD5E69B216BC4DE0011C983 /* DetailViewModel.swift */; };
		CDD5E6A1216BC5340011C983 /* DetailViewController.swift in Sources */ = {isa = PBXBuildFile; fileRef = CDD5E69F216BC5340011C983 /* DetailViewController.swift */; };
		CDD5E6A2216BC5340011C983 /* DetailViewController.xib in Resources */ = {isa = PBXBuildFile; fileRef = CDD5E6A0216BC5340011C983 /* DetailViewController.xib */; };
		CDD5E6A6216BC67B0011C983 /* DependencyRegistry.swift in Sources */ = {isa = PBXBuildFile; fileRef = CDD5E6A5216BC67B0011C983 /* DependencyRegistry.swift */; };
		CDD5E6A9216BCDAB0011C983 /* RootNavigationCoordinator.swift in Sources */ = {isa = PBXBuildFile; fileRef = CDD5E6A8216BCDAB0011C983 /* RootNavigationCoordinator.swift */; };
		CDD5E6AB216BD0150011C983 /* SwinjectStoryboard+Extensions.swift in Sources */ = {isa = PBXBuildFile; fileRef = CDD5E6AA216BD0150011C983 /* SwinjectStoryboard+Extensions.swift */; };
		CDD5E6AD216BD3200011C983 /* Main.storyboard in Resources */ = {isa = PBXBuildFile; fileRef = CDD5E6AC216BD31F0011C983 /* Main.storyboard */; };
		CDED3B73212B03C300890CF3 /* AppDelegate.swift in Sources */ = {isa = PBXBuildFile; fileRef = CDED3B72212B03C300890CF3 /* AppDelegate.swift */; };
		CDED3B7A212B03C400890CF3 /* Assets.xcassets in Resources */ = {isa = PBXBuildFile; fileRef = CDED3B79212B03C400890CF3 /* Assets.xcassets */; };
		CDED3B7D212B03C400890CF3 /* LaunchScreen.storyboard in Resources */ = {isa = PBXBuildFile; fileRef = CDED3B7B212B03C400890CF3 /* LaunchScreen.storyboard */; };
		CDED3B88212B03C400890CF3 /* BeyondSwiftTests.swift in Sources */ = {isa = PBXBuildFile; fileRef = CDED3B87212B03C400890CF3 /* BeyondSwiftTests.swift */; };
		CDED3B93212B03C500890CF3 /* BeyondSwiftUITests.swift in Sources */ = {isa = PBXBuildFile; fileRef = CDED3B92212B03C500890CF3 /* BeyondSwiftUITests.swift */; };
/* End PBXBuildFile section */

/* Begin PBXContainerItemProxy section */
		CDED3B84212B03C400890CF3 /* PBXContainerItemProxy */ = {
			isa = PBXContainerItemProxy;
			containerPortal = CDED3B67212B03C300890CF3 /* Project object */;
			proxyType = 1;
			remoteGlobalIDString = CDED3B6E212B03C300890CF3;
			remoteInfo = BeyondSwift;
		};
		CDED3B8F212B03C500890CF3 /* PBXContainerItemProxy */ = {
			isa = PBXContainerItemProxy;
			containerPortal = CDED3B67212B03C300890CF3 /* Project object */;
			proxyType = 1;
			remoteGlobalIDString = CDED3B6E212B03C300890CF3;
			remoteInfo = BeyondSwift;
		};
/* End PBXContainerItemProxy section */

/* Begin PBXFileReference section */
		1F6E77816A027BFB27D28277 /* Pods-BeyondSwiftUITests.debug.xcconfig */ = {isa = PBXFileReference; includeInIndex = 1; lastKnownFileType = text.xcconfig; name = "Pods-BeyondSwiftUITests.debug.xcconfig"; path = "Pods/Target Support Files/Pods-BeyondSwiftUITests/Pods-BeyondSwiftUITests.debug.xcconfig"; sourceTree = "<group>"; };
		2E7219D365B3AFF8F7E77DE9 /* Pods-BeyondSwiftUITests.release.xcconfig */ = {isa = PBXFileReference; includeInIndex = 1; lastKnownFileType = text.xcconfig; name = "Pods-BeyondSwiftUITests.release.xcconfig"; path = "Pods/Target Support Files/Pods-BeyondSwiftUITests/Pods-BeyondSwiftUITests.release.xcconfig"; sourceTree = "<group>"; };
		924E83057E83392A46322C07 /* Pods_BeyondSwiftTests.framework */ = {isa = PBXFileReference; explicitFileType = wrapper.framework; includeInIndex = 0; path = Pods_BeyondSwiftTests.framework; sourceTree = BUILT_PRODUCTS_DIR; };
		9758FE5A11A2FC597FCEDFD1 /* Pods-BeyondSwiftTests.release.xcconfig */ = {isa = PBXFileReference; includeInIndex = 1; lastKnownFileType = text.xcconfig; name = "Pods-BeyondSwiftTests.release.xcconfig"; path = "Pods/Target Support Files/Pods-BeyondSwiftTests/Pods-BeyondSwiftTests.release.xcconfig"; sourceTree = "<group>"; };
		B08EA2CBC0F8C34EEC4168CC /* Pods-BeyondSwift.release.xcconfig */ = {isa = PBXFileReference; includeInIndex = 1; lastKnownFileType = text.xcconfig; name = "Pods-BeyondSwift.release.xcconfig"; path = "Pods/Target Support Files/Pods-BeyondSwift/Pods-BeyondSwift.release.xcconfig"; sourceTree = "<group>"; };
		CDBCF09B213D7EB20084AF86 /* ReactViewController.swift */ = {isa = PBXFileReference; lastKnownFileType = sourcecode.swift; path = ReactViewController.swift; sourceTree = "<group>"; };
		CDBCF09D213D7EC90084AF86 /* ReactViewModel.swift */ = {isa = PBXFileReference; lastKnownFileType = sourcecode.swift; path = ReactViewModel.swift; sourceTree = "<group>"; };
		CDBCF09F213D7EDE0084AF86 /* ReactView.xib */ = {isa = PBXFileReference; lastKnownFileType = file.xib; path = ReactView.xib; sourceTree = "<group>"; };
		CDBFA77C213D967300AC24F1 /* APIQuotes.swift */ = {isa = PBXFileReference; lastKnownFileType = sourcecode.swift; path = APIQuotes.swift; sourceTree = "<group>"; };
		CDBFA77E213D97DB00AC24F1 /* Quote.swift */ = {isa = PBXFileReference; lastKnownFileType = sourcecode.swift; path = Quote.swift; sourceTree = "<group>"; };
		CDBFA788213DAD1200AC24F1 /* QuoteTableViewCell.swift */ = {isa = PBXFileReference; lastKnownFileType = sourcecode.swift; path = QuoteTableViewCell.swift; sourceTree = "<group>"; };
		CDBFA78A213DAD3700AC24F1 /* QuoteCell.xib */ = {isa = PBXFileReference; lastKnownFileType = file.xib; path = QuoteCell.xib; sourceTree = "<group>"; };
		CDBFA78C213DAECE00AC24F1 /* aspas.png */ = {isa = PBXFileReference; lastKnownFileType = image.png; path = aspas.png; sourceTree = "<group>"; };
		CDBFA78E213DB12300AC24F1 /* QuoteCellViewModel.swift */ = {isa = PBXFileReference; lastKnownFileType = sourcecode.swift; path = QuoteCellViewModel.swift; sourceTree = "<group>"; };
		CDD5E69B216BC4DE0011C983 /* DetailViewModel.swift */ = {isa = PBXFileReference; lastKnownFileType = sourcecode.swift; path = DetailViewModel.swift; sourceTree = "<group>"; };
		CDD5E69F216BC5340011C983 /* DetailViewController.swift */ = {isa = PBXFileReference; lastKnownFileType = sourcecode.swift; path = DetailViewController.swift; sourceTree = "<group>"; };
		CDD5E6A0216BC5340011C983 /* DetailViewController.xib */ = {isa = PBXFileReference; lastKnownFileType = file.xib; path = DetailViewController.xib; sourceTree = "<group>"; };
		CDD5E6A5216BC67B0011C983 /* DependencyRegistry.swift */ = {isa = PBXFileReference; lastKnownFileType = sourcecode.swift; path = DependencyRegistry.swift; sourceTree = "<group>"; };
		CDD5E6A8216BCDAB0011C983 /* RootNavigationCoordinator.swift */ = {isa = PBXFileReference; lastKnownFileType = sourcecode.swift; path = RootNavigationCoordinator.swift; sourceTree = "<group>"; };
		CDD5E6AA216BD0150011C983 /* SwinjectStoryboard+Extensions.swift */ = {isa = PBXFileReference; lastKnownFileType = sourcecode.swift; path = "SwinjectStoryboard+Extensions.swift"; sourceTree = "<group>"; };
		CDD5E6AC216BD31F0011C983 /* Main.storyboard */ = {isa = PBXFileReference; fileEncoding = 4; lastKnownFileType = file.storyboard; path = Main.storyboard; sourceTree = "<group>"; };
		CDED3B6F212B03C300890CF3 /* BeyondSwift.app */ = {isa = PBXFileReference; explicitFileType = wrapper.application; includeInIndex = 0; path = BeyondSwift.app; sourceTree = BUILT_PRODUCTS_DIR; };
		CDED3B72212B03C300890CF3 /* AppDelegate.swift */ = {isa = PBXFileReference; lastKnownFileType = sourcecode.swift; path = AppDelegate.swift; sourceTree = "<group>"; };
		CDED3B79212B03C400890CF3 /* Assets.xcassets */ = {isa = PBXFileReference; lastKnownFileType = folder.assetcatalog; path = Assets.xcassets; sourceTree = "<group>"; };
		CDED3B7C212B03C400890CF3 /* Base */ = {isa = PBXFileReference; lastKnownFileType = file.storyboard; name = Base; path = Base.lproj/LaunchScreen.storyboard; sourceTree = "<group>"; };
		CDED3B7E212B03C400890CF3 /* Info.plist */ = {isa = PBXFileReference; lastKnownFileType = text.plist.xml; path = Info.plist; sourceTree = "<group>"; };
		CDED3B83212B03C400890CF3 /* BeyondSwiftTests.xctest */ = {isa = PBXFileReference; explicitFileType = wrapper.cfbundle; includeInIndex = 0; path = BeyondSwiftTests.xctest; sourceTree = BUILT_PRODUCTS_DIR; };
		CDED3B87212B03C400890CF3 /* BeyondSwiftTests.swift */ = {isa = PBXFileReference; lastKnownFileType = sourcecode.swift; path = BeyondSwiftTests.swift; sourceTree = "<group>"; };
		CDED3B89212B03C400890CF3 /* Info.plist */ = {isa = PBXFileReference; lastKnownFileType = text.plist.xml; path = Info.plist; sourceTree = "<group>"; };
		CDED3B8E212B03C500890CF3 /* BeyondSwiftUITests.xctest */ = {isa = PBXFileReference; explicitFileType = wrapper.cfbundle; includeInIndex = 0; path = BeyondSwiftUITests.xctest; sourceTree = BUILT_PRODUCTS_DIR; };
		CDED3B92212B03C500890CF3 /* BeyondSwiftUITests.swift */ = {isa = PBXFileReference; lastKnownFileType = sourcecode.swift; path = BeyondSwiftUITests.swift; sourceTree = "<group>"; };
		CDED3B94212B03C500890CF3 /* Info.plist */ = {isa = PBXFileReference; lastKnownFileType = text.plist.xml; path = Info.plist; sourceTree = "<group>"; };
		CE3E90945822955CA5F6F413 /* Pods-BeyondSwiftTests.debug.xcconfig */ = {isa = PBXFileReference; includeInIndex = 1; lastKnownFileType = text.xcconfig; name = "Pods-BeyondSwiftTests.debug.xcconfig"; path = "Pods/Target Support Files/Pods-BeyondSwiftTests/Pods-BeyondSwiftTests.debug.xcconfig"; sourceTree = "<group>"; };
		DE9B0BCBAF9E078FCD7BB742 /* Pods_BeyondSwiftUITests.framework */ = {isa = PBXFileReference; explicitFileType = wrapper.framework; includeInIndex = 0; path = Pods_BeyondSwiftUITests.framework; sourceTree = BUILT_PRODUCTS_DIR; };
		E6B15B4CE8515729B36E32BE /* Pods-BeyondSwift.debug.xcconfig */ = {isa = PBXFileReference; includeInIndex = 1; lastKnownFileType = text.xcconfig; name = "Pods-BeyondSwift.debug.xcconfig"; path = "Pods/Target Support Files/Pods-BeyondSwift/Pods-BeyondSwift.debug.xcconfig"; sourceTree = "<group>"; };
		EE941BA0F3CF2FBA89655F9B /* Pods_BeyondSwift.framework */ = {isa = PBXFileReference; explicitFileType = wrapper.framework; includeInIndex = 0; path = Pods_BeyondSwift.framework; sourceTree = BUILT_PRODUCTS_DIR; };
/* End PBXFileReference section */

/* Begin PBXFrameworksBuildPhase section */
		CDED3B6C212B03C300890CF3 /* Frameworks */ = {
			isa = PBXFrameworksBuildPhase;
			buildActionMask = 2147483647;
			files = (
				AC044DF784068631DDDCC448 /* Pods_BeyondSwift.framework in Frameworks */,
			);
			runOnlyForDeploymentPostprocessing = 0;
		};
		CDED3B80212B03C400890CF3 /* Frameworks */ = {
			isa = PBXFrameworksBuildPhase;
			buildActionMask = 2147483647;
			files = (
				A7E344A5F623588D84FC4EC1 /* Pods_BeyondSwiftTests.framework in Frameworks */,
			);
			runOnlyForDeploymentPostprocessing = 0;
		};
		CDED3B8B212B03C500890CF3 /* Frameworks */ = {
			isa = PBXFrameworksBuildPhase;
			buildActionMask = 2147483647;
			files = (
				885052B9AAB61A7319CC880D /* Pods_BeyondSwiftUITests.framework in Frameworks */,
			);
			runOnlyForDeploymentPostprocessing = 0;
		};
/* End PBXFrameworksBuildPhase section */

/* Begin PBXGroup section */
		04269B25537A153119892BE2 /* Pods */ = {
			isa = PBXGroup;
			children = (
				E6B15B4CE8515729B36E32BE /* Pods-BeyondSwift.debug.xcconfig */,
				B08EA2CBC0F8C34EEC4168CC /* Pods-BeyondSwift.release.xcconfig */,
				CE3E90945822955CA5F6F413 /* Pods-BeyondSwiftTests.debug.xcconfig */,
				9758FE5A11A2FC597FCEDFD1 /* Pods-BeyondSwiftTests.release.xcconfig */,
				1F6E77816A027BFB27D28277 /* Pods-BeyondSwiftUITests.debug.xcconfig */,
				2E7219D365B3AFF8F7E77DE9 /* Pods-BeyondSwiftUITests.release.xcconfig */,
			);
			name = Pods;
			sourceTree = "<group>";
		};
		A88D1C2ECD0A19BCC0D79CF5 /* Frameworks */ = {
			isa = PBXGroup;
			children = (
				EE941BA0F3CF2FBA89655F9B /* Pods_BeyondSwift.framework */,
				924E83057E83392A46322C07 /* Pods_BeyondSwiftTests.framework */,
				DE9B0BCBAF9E078FCD7BB742 /* Pods_BeyondSwiftUITests.framework */,
			);
			name = Frameworks;
			sourceTree = "<group>";
		};
		CD91CF60213EF2560088A434 /* Assets */ = {
			isa = PBXGroup;
			children = (
				CDD5E6AC216BD31F0011C983 /* Main.storyboard */,
				CDBFA78C213DAECE00AC24F1 /* aspas.png */,
			);
			path = Assets;
			sourceTree = "<group>";
		};
		CDBCF09A213D7DFD0084AF86 /* ReactScreen */ = {
			isa = PBXGroup;
			children = (
				CDBCF09B213D7EB20084AF86 /* ReactViewController.swift */,
				CDBCF09D213D7EC90084AF86 /* ReactViewModel.swift */,
				CDBCF09F213D7EDE0084AF86 /* ReactView.xib */,
			);
			path = ReactScreen;
			sourceTree = "<group>";
		};
		CDBFA782213DAC0B00AC24F1 /* QuoteCell */ = {
			isa = PBXGroup;
			children = (
				CDBFA788213DAD1200AC24F1 /* QuoteTableViewCell.swift */,
				CDBFA78E213DB12300AC24F1 /* QuoteCellViewModel.swift */,
				CDBFA78A213DAD3700AC24F1 /* QuoteCell.xib */,
			);
			path = QuoteCell;
			sourceTree = "<group>";
		};
		CDBFA783213DAC2300AC24F1 /* Model */ = {
			isa = PBXGroup;
			children = (
				CDBFA77E213D97DB00AC24F1 /* Quote.swift */,
			);
			path = Model;
			sourceTree = "<group>";
		};
		CDBFA785213DAC3F00AC24F1 /* Support */ = {
			isa = PBXGroup;
			children = (
				CDED3B72212B03C300890CF3 /* AppDelegate.swift */,
				CDED3B79212B03C400890CF3 /* Assets.xcassets */,
				CDED3B7B212B03C400890CF3 /* LaunchScreen.storyboard */,
				CDED3B7E212B03C400890CF3 /* Info.plist */,
			);
			path = Support;
			sourceTree = "<group>";
		};
		CDBFA786213DAC4B00AC24F1 /* UI */ = {
			isa = PBXGroup;
			children = (
				CDBFA782213DAC0B00AC24F1 /* QuoteCell */,
				CDD5E698216BC4990011C983 /* DetailScreen */,
				CDBCF09A213D7DFD0084AF86 /* ReactScreen */,
			);
			path = UI;
			sourceTree = "<group>";
		};
		CDD5E698216BC4990011C983 /* DetailScreen */ = {
			isa = PBXGroup;
			children = (
				CDD5E69B216BC4DE0011C983 /* DetailViewModel.swift */,
				CDD5E69F216BC5340011C983 /* DetailViewController.swift */,
				CDD5E6A0216BC5340011C983 /* DetailViewController.xib */,
			);
			path = DetailScreen;
			sourceTree = "<group>";
		};
		CDD5E6A3216BC5BF0011C983 /* Dependencies */ = {
			isa = PBXGroup;
			children = (
				CDD5E6A5216BC67B0011C983 /* DependencyRegistry.swift */,
				CDD5E6AA216BD0150011C983 /* SwinjectStoryboard+Extensions.swift */,
			);
			path = Dependencies;
			sourceTree = "<group>";
		};
		CDD5E6A4216BC5D10011C983 /* ModelLayer */ = {
			isa = PBXGroup;
			children = (
				CDBFA77C213D967300AC24F1 /* APIQuotes.swift */,
			);
			path = ModelLayer;
			sourceTree = "<group>";
		};
		CDD5E6A7216BCD960011C983 /* NavigationCoordinators */ = {
			isa = PBXGroup;
			children = (
				CDD5E6A8216BCDAB0011C983 /* RootNavigationCoordinator.swift */,
			);
			path = NavigationCoordinators;
			sourceTree = "<group>";
		};
		CDED3B66212B03C300890CF3 = {
			isa = PBXGroup;
			children = (
				CDED3B71212B03C300890CF3 /* BeyondSwift */,
				CDED3B86212B03C400890CF3 /* BeyondSwiftTests */,
				CDED3B91212B03C500890CF3 /* BeyondSwiftUITests */,
				CDED3B70212B03C300890CF3 /* Products */,
				04269B25537A153119892BE2 /* Pods */,
				A88D1C2ECD0A19BCC0D79CF5 /* Frameworks */,
			);
			sourceTree = "<group>";
		};
		CDED3B70212B03C300890CF3 /* Products */ = {
			isa = PBXGroup;
			children = (
				CDED3B6F212B03C300890CF3 /* BeyondSwift.app */,
				CDED3B83212B03C400890CF3 /* BeyondSwiftTests.xctest */,
				CDED3B8E212B03C500890CF3 /* BeyondSwiftUITests.xctest */,
			);
			name = Products;
			sourceTree = "<group>";
		};
		CDED3B71212B03C300890CF3 /* BeyondSwift */ = {
			isa = PBXGroup;
			children = (
				CDD5E6A7216BCD960011C983 /* NavigationCoordinators */,
				CDD5E6A4216BC5D10011C983 /* ModelLayer */,
				CDD5E6A3216BC5BF0011C983 /* Dependencies */,
				CD91CF60213EF2560088A434 /* Assets */,
				CDBFA786213DAC4B00AC24F1 /* UI */,
				CDBFA785213DAC3F00AC24F1 /* Support */,
				CDBFA783213DAC2300AC24F1 /* Model */,
			);
			path = BeyondSwift;
			sourceTree = "<group>";
		};
		CDED3B86212B03C400890CF3 /* BeyondSwiftTests */ = {
			isa = PBXGroup;
			children = (
				CDED3B87212B03C400890CF3 /* BeyondSwiftTests.swift */,
				CDED3B89212B03C400890CF3 /* Info.plist */,
			);
			path = BeyondSwiftTests;
			sourceTree = "<group>";
		};
		CDED3B91212B03C500890CF3 /* BeyondSwiftUITests */ = {
			isa = PBXGroup;
			children = (
				CDED3B92212B03C500890CF3 /* BeyondSwiftUITests.swift */,
				CDED3B94212B03C500890CF3 /* Info.plist */,
			);
			path = BeyondSwiftUITests;
			sourceTree = "<group>";
		};
/* End PBXGroup section */

/* Begin PBXNativeTarget section */
		CDED3B6E212B03C300890CF3 /* BeyondSwift */ = {
			isa = PBXNativeTarget;
			buildConfigurationList = CDED3B97212B03C500890CF3 /* Build configuration list for PBXNativeTarget "BeyondSwift" */;
			buildPhases = (
				21582F92771C640ED0A09E81 /* [CP] Check Pods Manifest.lock */,
				CDED3B6B212B03C300890CF3 /* Sources */,
				CDED3B6C212B03C300890CF3 /* Frameworks */,
				CDED3B6D212B03C300890CF3 /* Resources */,
				3C4885340946E53DA472FAF3 /* [CP] Embed Pods Frameworks */,
				CD91CF61213EF3100088A434 /* ShellScript */,
			);
			buildRules = (
			);
			dependencies = (
			);
			name = BeyondSwift;
			productName = BeyondSwift;
			productReference = CDED3B6F212B03C300890CF3 /* BeyondSwift.app */;
			productType = "com.apple.product-type.application";
		};
		CDED3B82212B03C400890CF3 /* BeyondSwiftTests */ = {
			isa = PBXNativeTarget;
			buildConfigurationList = CDED3B9A212B03C500890CF3 /* Build configuration list for PBXNativeTarget "BeyondSwiftTests" */;
			buildPhases = (
				02B0D0C6A5B600E51ABA38BB /* [CP] Check Pods Manifest.lock */,
				CDED3B7F212B03C400890CF3 /* Sources */,
				CDED3B80212B03C400890CF3 /* Frameworks */,
				CDED3B81212B03C400890CF3 /* Resources */,
			);
			buildRules = (
			);
			dependencies = (
				CDED3B85212B03C400890CF3 /* PBXTargetDependency */,
			);
			name = BeyondSwiftTests;
			productName = BeyondSwiftTests;
			productReference = CDED3B83212B03C400890CF3 /* BeyondSwiftTests.xctest */;
			productType = "com.apple.product-type.bundle.unit-test";
		};
		CDED3B8D212B03C500890CF3 /* BeyondSwiftUITests */ = {
			isa = PBXNativeTarget;
			buildConfigurationList = CDED3B9D212B03C500890CF3 /* Build configuration list for PBXNativeTarget "BeyondSwiftUITests" */;
			buildPhases = (
				2A4D96B7B31E647FF0175B83 /* [CP] Check Pods Manifest.lock */,
				CDED3B8A212B03C500890CF3 /* Sources */,
				CDED3B8B212B03C500890CF3 /* Frameworks */,
				CDED3B8C212B03C500890CF3 /* Resources */,
			);
			buildRules = (
			);
			dependencies = (
				CDED3B90212B03C500890CF3 /* PBXTargetDependency */,
			);
			name = BeyondSwiftUITests;
			productName = BeyondSwiftUITests;
			productReference = CDED3B8E212B03C500890CF3 /* BeyondSwiftUITests.xctest */;
			productType = "com.apple.product-type.bundle.ui-testing";
		};
/* End PBXNativeTarget section */

/* Begin PBXProject section */
		CDED3B67212B03C300890CF3 /* Project object */ = {
			isa = PBXProject;
			attributes = {
				LastSwiftUpdateCheck = 1000;
				LastUpgradeCheck = 1000;
				ORGANIZATIONNAME = "Leonardo Geus";
				TargetAttributes = {
					CDED3B6E212B03C300890CF3 = {
						CreatedOnToolsVersion = 10.0;
					};
					CDED3B82212B03C400890CF3 = {
						CreatedOnToolsVersion = 10.0;
						TestTargetID = CDED3B6E212B03C300890CF3;
					};
					CDED3B8D212B03C500890CF3 = {
						CreatedOnToolsVersion = 10.0;
						TestTargetID = CDED3B6E212B03C300890CF3;
					};
				};
			};
			buildConfigurationList = CDED3B6A212B03C300890CF3 /* Build configuration list for PBXProject "BeyondSwift" */;
			compatibilityVersion = "Xcode 9.3";
			developmentRegion = en;
			hasScannedForEncodings = 0;
			knownRegions = (
				en,
				Base,
			);
			mainGroup = CDED3B66212B03C300890CF3;
			productRefGroup = CDED3B70212B03C300890CF3 /* Products */;
			projectDirPath = "";
			projectRoot = "";
			targets = (
				CDED3B6E212B03C300890CF3 /* BeyondSwift */,
				CDED3B82212B03C400890CF3 /* BeyondSwiftTests */,
				CDED3B8D212B03C500890CF3 /* BeyondSwiftUITests */,
			);
		};
/* End PBXProject section */

/* Begin PBXResourcesBuildPhase section */
		CDED3B6D212B03C300890CF3 /* Resources */ = {
			isa = PBXResourcesBuildPhase;
			buildActionMask = 2147483647;
			files = (
				CDD5E6AD216BD3200011C983 /* Main.storyboard in Resources */,
				CDBFA78D213DAECE00AC24F1 /* aspas.png in Resources */,
				CDD5E6A2216BC5340011C983 /* DetailViewController.xib in Resources */,
				CDBFA78B213DAD3700AC24F1 /* QuoteCell.xib in Resources */,
				CDBCF0A0213D7EDE0084AF86 /* ReactView.xib in Resources */,
				CDED3B7D212B03C400890CF3 /* LaunchScreen.storyboard in Resources */,
				CDED3B7A212B03C400890CF3 /* Assets.xcassets in Resources */,
			);
			runOnlyForDeploymentPostprocessing = 0;
		};
		CDED3B81212B03C400890CF3 /* Resources */ = {
			isa = PBXResourcesBuildPhase;
			buildActionMask = 2147483647;
			files = (
			);
			runOnlyForDeploymentPostprocessing = 0;
		};
		CDED3B8C212B03C500890CF3 /* Resources */ = {
			isa = PBXResourcesBuildPhase;
			buildActionMask = 2147483647;
			files = (
			);
			runOnlyForDeploymentPostprocessing = 0;
		};
/* End PBXResourcesBuildPhase section */

/* Begin PBXShellScriptBuildPhase section */
		02B0D0C6A5B600E51ABA38BB /* [CP] Check Pods Manifest.lock */ = {
			isa = PBXShellScriptBuildPhase;
			buildActionMask = 2147483647;
			files = (
			);
			inputPaths = (
				"${PODS_PODFILE_DIR_PATH}/Podfile.lock",
				"${PODS_ROOT}/Manifest.lock",
			);
			name = "[CP] Check Pods Manifest.lock";
			outputPaths = (
				"$(DERIVED_FILE_DIR)/Pods-BeyondSwiftTests-checkManifestLockResult.txt",
			);
			runOnlyForDeploymentPostprocessing = 0;
			shellPath = /bin/sh;
			shellScript = "diff \"${PODS_PODFILE_DIR_PATH}/Podfile.lock\" \"${PODS_ROOT}/Manifest.lock\" > /dev/null\nif [ $? != 0 ] ; then\n    # print error to STDERR\n    echo \"error: The sandbox is not in sync with the Podfile.lock. Run 'pod install' or update your CocoaPods installation.\" >&2\n    exit 1\nfi\n# This output is used by Xcode 'outputs' to avoid re-running this script phase.\necho \"SUCCESS\" > \"${SCRIPT_OUTPUT_FILE_0}\"\n";
			showEnvVarsInLog = 0;
		};
		21582F92771C640ED0A09E81 /* [CP] Check Pods Manifest.lock */ = {
			isa = PBXShellScriptBuildPhase;
			buildActionMask = 2147483647;
			files = (
			);
			inputPaths = (
				"${PODS_PODFILE_DIR_PATH}/Podfile.lock",
				"${PODS_ROOT}/Manifest.lock",
			);
			name = "[CP] Check Pods Manifest.lock";
			outputPaths = (
				"$(DERIVED_FILE_DIR)/Pods-BeyondSwift-checkManifestLockResult.txt",
			);
			runOnlyForDeploymentPostprocessing = 0;
			shellPath = /bin/sh;
			shellScript = "diff \"${PODS_PODFILE_DIR_PATH}/Podfile.lock\" \"${PODS_ROOT}/Manifest.lock\" > /dev/null\nif [ $? != 0 ] ; then\n    # print error to STDERR\n    echo \"error: The sandbox is not in sync with the Podfile.lock. Run 'pod install' or update your CocoaPods installation.\" >&2\n    exit 1\nfi\n# This output is used by Xcode 'outputs' to avoid re-running this script phase.\necho \"SUCCESS\" > \"${SCRIPT_OUTPUT_FILE_0}\"\n";
			showEnvVarsInLog = 0;
		};
		2A4D96B7B31E647FF0175B83 /* [CP] Check Pods Manifest.lock */ = {
			isa = PBXShellScriptBuildPhase;
			buildActionMask = 2147483647;
			files = (
			);
			inputPaths = (
				"${PODS_PODFILE_DIR_PATH}/Podfile.lock",
				"${PODS_ROOT}/Manifest.lock",
			);
			name = "[CP] Check Pods Manifest.lock";
			outputPaths = (
				"$(DERIVED_FILE_DIR)/Pods-BeyondSwiftUITests-checkManifestLockResult.txt",
			);
			runOnlyForDeploymentPostprocessing = 0;
			shellPath = /bin/sh;
			shellScript = "diff \"${PODS_PODFILE_DIR_PATH}/Podfile.lock\" \"${PODS_ROOT}/Manifest.lock\" > /dev/null\nif [ $? != 0 ] ; then\n    # print error to STDERR\n    echo \"error: The sandbox is not in sync with the Podfile.lock. Run 'pod install' or update your CocoaPods installation.\" >&2\n    exit 1\nfi\n# This output is used by Xcode 'outputs' to avoid re-running this script phase.\necho \"SUCCESS\" > \"${SCRIPT_OUTPUT_FILE_0}\"\n";
			showEnvVarsInLog = 0;
		};
		3C4885340946E53DA472FAF3 /* [CP] Embed Pods Frameworks */ = {
			isa = PBXShellScriptBuildPhase;
			buildActionMask = 2147483647;
			files = (
			);
			inputPaths = (
				"${SRCROOT}/Pods/Target Support Files/Pods-BeyondSwift/Pods-BeyondSwift-frameworks.sh",
				"${BUILT_PRODUCTS_DIR}/Alamofire/Alamofire.framework",
				"${BUILT_PRODUCTS_DIR}/Differentiator/Differentiator.framework",
				"${BUILT_PRODUCTS_DIR}/ObjectMapper/ObjectMapper.framework",
				"${BUILT_PRODUCTS_DIR}/RxCocoa/RxCocoa.framework",
				"${BUILT_PRODUCTS_DIR}/RxDataSources/RxDataSources.framework",
				"${BUILT_PRODUCTS_DIR}/RxSwift/RxSwift.framework",
				"${BUILT_PRODUCTS_DIR}/Swinject/Swinject.framework",
				"${BUILT_PRODUCTS_DIR}/SwinjectStoryboard/SwinjectStoryboard.framework",
			);
			name = "[CP] Embed Pods Frameworks";
			outputPaths = (
				"${TARGET_BUILD_DIR}/${FRAMEWORKS_FOLDER_PATH}/Alamofire.framework",
				"${TARGET_BUILD_DIR}/${FRAMEWORKS_FOLDER_PATH}/Differentiator.framework",
				"${TARGET_BUILD_DIR}/${FRAMEWORKS_FOLDER_PATH}/ObjectMapper.framework",
				"${TARGET_BUILD_DIR}/${FRAMEWORKS_FOLDER_PATH}/RxCocoa.framework",
				"${TARGET_BUILD_DIR}/${FRAMEWORKS_FOLDER_PATH}/RxDataSources.framework",
				"${TARGET_BUILD_DIR}/${FRAMEWORKS_FOLDER_PATH}/RxSwift.framework",
				"${TARGET_BUILD_DIR}/${FRAMEWORKS_FOLDER_PATH}/Swinject.framework",
				"${TARGET_BUILD_DIR}/${FRAMEWORKS_FOLDER_PATH}/SwinjectStoryboard.framework",
			);
			runOnlyForDeploymentPostprocessing = 0;
			shellPath = /bin/sh;
			shellScript = "\"${SRCROOT}/Pods/Target Support Files/Pods-BeyondSwift/Pods-BeyondSwift-frameworks.sh\"\n";
			showEnvVarsInLog = 0;
		};
		CD91CF61213EF3100088A434 /* ShellScript */ = {
			isa = PBXShellScriptBuildPhase;
			buildActionMask = 2147483647;
			files = (
			);
			inputPaths = (
			);
			outputPaths = (
			);
			runOnlyForDeploymentPostprocessing = 0;
			shellPath = /bin/sh;
			shellScript = "\"${PODS_ROOT}/SwiftLint/swiftlint\"\n";
		};
/* End PBXShellScriptBuildPhase section */

/* Begin PBXSourcesBuildPhase section */
		CDED3B6B212B03C300890CF3 /* Sources */ = {
			isa = PBXSourcesBuildPhase;
			buildActionMask = 2147483647;
			files = (
				CDD5E6A9216BCDAB0011C983 /* RootNavigationCoordinator.swift in Sources */,
				CDD5E6A1216BC5340011C983 /* DetailViewController.swift in Sources */,
				CDED3B73212B03C300890CF3 /* AppDelegate.swift in Sources */,
				CDBCF09E213D7EC90084AF86 /* ReactViewModel.swift in Sources */,
				CDBFA77D213D967300AC24F1 /* APIQuotes.swift in Sources */,
				CDBFA77F213D97DB00AC24F1 /* Quote.swift in Sources */,
				CDD5E69C216BC4DE0011C983 /* DetailViewModel.swift in Sources */,
				CDBCF09C213D7EB20084AF86 /* ReactViewController.swift in Sources */,
				CDD5E6A6216BC67B0011C983 /* DependencyRegistry.swift in Sources */,
				CDD5E6AB216BD0150011C983 /* SwinjectStoryboard+Extensions.swift in Sources */,
				CDBFA78F213DB12300AC24F1 /* QuoteCellViewModel.swift in Sources */,
				CDBFA789213DAD1200AC24F1 /* QuoteTableViewCell.swift in Sources */,
			);
			runOnlyForDeploymentPostprocessing = 0;
		};
		CDED3B7F212B03C400890CF3 /* Sources */ = {
			isa = PBXSourcesBuildPhase;
			buildActionMask = 2147483647;
			files = (
				CDED3B88212B03C400890CF3 /* BeyondSwiftTests.swift in Sources */,
			);
			runOnlyForDeploymentPostprocessing = 0;
		};
		CDED3B8A212B03C500890CF3 /* Sources */ = {
			isa = PBXSourcesBuildPhase;
			buildActionMask = 2147483647;
			files = (
				CDED3B93212B03C500890CF3 /* BeyondSwiftUITests.swift in Sources */,
			);
			runOnlyForDeploymentPostprocessing = 0;
		};
/* End PBXSourcesBuildPhase section */

/* Begin PBXTargetDependency section */
		CDED3B85212B03C400890CF3 /* PBXTargetDependency */ = {
			isa = PBXTargetDependency;
			target = CDED3B6E212B03C300890CF3 /* BeyondSwift */;
			targetProxy = CDED3B84212B03C400890CF3 /* PBXContainerItemProxy */;
		};
		CDED3B90212B03C500890CF3 /* PBXTargetDependency */ = {
			isa = PBXTargetDependency;
			target = CDED3B6E212B03C300890CF3 /* BeyondSwift */;
			targetProxy = CDED3B8F212B03C500890CF3 /* PBXContainerItemProxy */;
		};
/* End PBXTargetDependency section */

/* Begin PBXVariantGroup section */
		CDED3B7B212B03C400890CF3 /* LaunchScreen.storyboard */ = {
			isa = PBXVariantGroup;
			children = (
				CDED3B7C212B03C400890CF3 /* Base */,
			);
			name = LaunchScreen.storyboard;
			sourceTree = "<group>";
		};
/* End PBXVariantGroup section */

/* Begin XCBuildConfiguration section */
		CDB49FE3213EF82E000A39B1 /* Debug */ = {
			isa = XCBuildConfiguration;
			baseConfigurationReference = E6B15B4CE8515729B36E32BE /* Pods-BeyondSwift.debug.xcconfig */;
			buildSettings = {
				CODE_SIGN_IDENTITY = "iPhone Developer";
				CODE_SIGN_STYLE = Automatic;
				COPY_PHASE_STRIP = NO;
				DEVELOPMENT_TEAM = FDUR7X8MST;
				GCC_DYNAMIC_NO_PIC = NO;
				GCC_OPTIMIZATION_LEVEL = 0;
				INFOPLIST_FILE = "$(SRCROOT)/BeyondSwift/Support/Info.plist";
				PRODUCT_BUNDLE_IDENTIFIER = "com.t-systems.leodegeus.beyound-swift";
				PRODUCT_NAME = BeyondSwift;
				PROVISIONING_PROFILE_SPECIFIER = "";
				SWIFT_VERSION = 4.2;
			};
			name = Debug;
		};
		CDED3B95212B03C500890CF3 /* Debug */ = {
			isa = XCBuildConfiguration;
			buildSettings = {
				ALWAYS_SEARCH_USER_PATHS = NO;
				CLANG_ANALYZER_NONNULL = YES;
				CLANG_ANALYZER_NUMBER_OBJECT_CONVERSION = YES_AGGRESSIVE;
				CLANG_CXX_LANGUAGE_STANDARD = "gnu++14";
				CLANG_CXX_LIBRARY = "libc++";
				CLANG_ENABLE_MODULES = YES;
				CLANG_ENABLE_OBJC_ARC = YES;
				CLANG_ENABLE_OBJC_WEAK = YES;
				CLANG_WARN_BLOCK_CAPTURE_AUTORELEASING = YES;
				CLANG_WARN_BOOL_CONVERSION = YES;
				CLANG_WARN_COMMA = YES;
				CLANG_WARN_CONSTANT_CONVERSION = YES;
				CLANG_WARN_DEPRECATED_OBJC_IMPLEMENTATIONS = YES;
				CLANG_WARN_DIRECT_OBJC_ISA_USAGE = YES_ERROR;
				CLANG_WARN_DOCUMENTATION_COMMENTS = YES;
				CLANG_WARN_EMPTY_BODY = YES;
				CLANG_WARN_ENUM_CONVERSION = YES;
				CLANG_WARN_INFINITE_RECURSION = YES;
				CLANG_WARN_INT_CONVERSION = YES;
				CLANG_WARN_NON_LITERAL_NULL_CONVERSION = YES;
				CLANG_WARN_OBJC_IMPLICIT_RETAIN_SELF = YES;
				CLANG_WARN_OBJC_LITERAL_CONVERSION = YES;
				CLANG_WARN_OBJC_ROOT_CLASS = YES_ERROR;
				CLANG_WARN_RANGE_LOOP_ANALYSIS = YES;
				CLANG_WARN_STRICT_PROTOTYPES = YES;
				CLANG_WARN_SUSPICIOUS_MOVE = YES;
				CLANG_WARN_UNGUARDED_AVAILABILITY = YES_AGGRESSIVE;
				CLANG_WARN_UNREACHABLE_CODE = YES;
				CLANG_WARN__DUPLICATE_METHOD_MATCH = YES;
				CODE_SIGN_IDENTITY = "iPhone Developer";
				COPY_PHASE_STRIP = NO;
				DEBUG_INFORMATION_FORMAT = dwarf;
				ENABLE_STRICT_OBJC_MSGSEND = YES;
				ENABLE_TESTABILITY = YES;
				GCC_C_LANGUAGE_STANDARD = gnu11;
				GCC_DYNAMIC_NO_PIC = NO;
				GCC_NO_COMMON_BLOCKS = YES;
				GCC_OPTIMIZATION_LEVEL = 0;
				GCC_PREPROCESSOR_DEFINITIONS = (
					"DEBUG=1",
					"$(inherited)",
				);
				GCC_WARN_64_TO_32_BIT_CONVERSION = YES;
				GCC_WARN_ABOUT_RETURN_TYPE = YES_ERROR;
				GCC_WARN_UNDECLARED_SELECTOR = YES;
				GCC_WARN_UNINITIALIZED_AUTOS = YES_AGGRESSIVE;
				GCC_WARN_UNUSED_FUNCTION = YES;
				GCC_WARN_UNUSED_VARIABLE = YES;
				IPHONEOS_DEPLOYMENT_TARGET = 12.0;
				MTL_ENABLE_DEBUG_INFO = INCLUDE_SOURCE;
				MTL_FAST_MATH = YES;
				ONLY_ACTIVE_ARCH = YES;
				SDKROOT = iphoneos;
				SWIFT_ACTIVE_COMPILATION_CONDITIONS = DEBUG;
				SWIFT_OPTIMIZATION_LEVEL = "-Onone";
			};
			name = Debug;
		};
		CDED3B96212B03C500890CF3 /* Release */ = {
			isa = XCBuildConfiguration;
			buildSettings = {
				ALWAYS_SEARCH_USER_PATHS = NO;
				CLANG_ANALYZER_NONNULL = YES;
				CLANG_ANALYZER_NUMBER_OBJECT_CONVERSION = YES_AGGRESSIVE;
				CLANG_CXX_LANGUAGE_STANDARD = "gnu++14";
				CLANG_CXX_LIBRARY = "libc++";
				CLANG_ENABLE_MODULES = YES;
				CLANG_ENABLE_OBJC_ARC = YES;
				CLANG_ENABLE_OBJC_WEAK = YES;
				CLANG_WARN_BLOCK_CAPTURE_AUTORELEASING = YES;
				CLANG_WARN_BOOL_CONVERSION = YES;
				CLANG_WARN_COMMA = YES;
				CLANG_WARN_CONSTANT_CONVERSION = YES;
				CLANG_WARN_DEPRECATED_OBJC_IMPLEMENTATIONS = YES;
				CLANG_WARN_DIRECT_OBJC_ISA_USAGE = YES_ERROR;
				CLANG_WARN_DOCUMENTATION_COMMENTS = YES;
				CLANG_WARN_EMPTY_BODY = YES;
				CLANG_WARN_ENUM_CONVERSION = YES;
				CLANG_WARN_INFINITE_RECURSION = YES;
				CLANG_WARN_INT_CONVERSION = YES;
				CLANG_WARN_NON_LITERAL_NULL_CONVERSION = YES;
				CLANG_WARN_OBJC_IMPLICIT_RETAIN_SELF = YES;
				CLANG_WARN_OBJC_LITERAL_CONVERSION = YES;
				CLANG_WARN_OBJC_ROOT_CLASS = YES_ERROR;
				CLANG_WARN_RANGE_LOOP_ANALYSIS = YES;
				CLANG_WARN_STRICT_PROTOTYPES = YES;
				CLANG_WARN_SUSPICIOUS_MOVE = YES;
				CLANG_WARN_UNGUARDED_AVAILABILITY = YES_AGGRESSIVE;
				CLANG_WARN_UNREACHABLE_CODE = YES;
				CLANG_WARN__DUPLICATE_METHOD_MATCH = YES;
				CODE_SIGN_IDENTITY = "iPhone Developer";
				COPY_PHASE_STRIP = NO;
				DEBUG_INFORMATION_FORMAT = "dwarf-with-dsym";
				ENABLE_NS_ASSERTIONS = NO;
				ENABLE_STRICT_OBJC_MSGSEND = YES;
				GCC_C_LANGUAGE_STANDARD = gnu11;
				GCC_NO_COMMON_BLOCKS = YES;
				GCC_WARN_64_TO_32_BIT_CONVERSION = YES;
				GCC_WARN_ABOUT_RETURN_TYPE = YES_ERROR;
				GCC_WARN_UNDECLARED_SELECTOR = YES;
				GCC_WARN_UNINITIALIZED_AUTOS = YES_AGGRESSIVE;
				GCC_WARN_UNUSED_FUNCTION = YES;
				GCC_WARN_UNUSED_VARIABLE = YES;
				IPHONEOS_DEPLOYMENT_TARGET = 12.0;
				MTL_ENABLE_DEBUG_INFO = NO;
				MTL_FAST_MATH = YES;
				SDKROOT = iphoneos;
				SWIFT_COMPILATION_MODE = wholemodule;
				SWIFT_OPTIMIZATION_LEVEL = "-O";
				VALIDATE_PRODUCT = YES;
			};
			name = Release;
		};
		CDED3B99212B03C500890CF3 /* Release */ = {
			isa = XCBuildConfiguration;
			baseConfigurationReference = B08EA2CBC0F8C34EEC4168CC /* Pods-BeyondSwift.release.xcconfig */;
			buildSettings = {
				ASSETCATALOG_COMPILER_APPICON_NAME = AppIcon;
				CODE_SIGN_IDENTITY = "iPhone Developer";
				CODE_SIGN_STYLE = Automatic;
				DEVELOPMENT_TEAM = FDUR7X8MST;
				INFOPLIST_FILE = "$(SRCROOT)/BeyondSwift/Support/Info.plist";
				LD_RUNPATH_SEARCH_PATHS = (
					"$(inherited)",
					"@executable_path/Frameworks",
				);
				PRODUCT_BUNDLE_IDENTIFIER = "com.t-systems.leodegeus.beyound-swift";
				PRODUCT_NAME = "$(TARGET_NAME)";
				PROVISIONING_PROFILE_SPECIFIER = "";
				SWIFT_VERSION = 4.2;
				TARGETED_DEVICE_FAMILY = "1,2";
			};
			name = Release;
		};
		CDED3B9B212B03C500890CF3 /* Debug */ = {
			isa = XCBuildConfiguration;
			baseConfigurationReference = CE3E90945822955CA5F6F413 /* Pods-BeyondSwiftTests.debug.xcconfig */;
			buildSettings = {
				ALWAYS_EMBED_SWIFT_STANDARD_LIBRARIES = YES;
				BUNDLE_LOADER = "$(TEST_HOST)";
				CODE_SIGN_STYLE = Automatic;
				DEVELOPMENT_TEAM = 4V6XCMA27T;
				INFOPLIST_FILE = BeyondSwiftTests/Info.plist;
				LD_RUNPATH_SEARCH_PATHS = (
					"$(inherited)",
					"@executable_path/Frameworks",
					"@loader_path/Frameworks",
				);
				PRODUCT_BUNDLE_IDENTIFIER = com.br.leodegeus.BeyondSwiftTests;
				PRODUCT_NAME = "$(TARGET_NAME)";
				SWIFT_VERSION = 4.2;
				TARGETED_DEVICE_FAMILY = "1,2";
				TEST_HOST = "$(BUILT_PRODUCTS_DIR)/BeyondSwift.app/BeyondSwift";
			};
			name = Debug;
		};
		CDED3B9C212B03C500890CF3 /* Release */ = {
			isa = XCBuildConfiguration;
			baseConfigurationReference = 9758FE5A11A2FC597FCEDFD1 /* Pods-BeyondSwiftTests.release.xcconfig */;
			buildSettings = {
				ALWAYS_EMBED_SWIFT_STANDARD_LIBRARIES = YES;
				BUNDLE_LOADER = "$(TEST_HOST)";
				CODE_SIGN_STYLE = Automatic;
				DEVELOPMENT_TEAM = 4V6XCMA27T;
				INFOPLIST_FILE = BeyondSwiftTests/Info.plist;
				LD_RUNPATH_SEARCH_PATHS = (
					"$(inherited)",
					"@executable_path/Frameworks",
					"@loader_path/Frameworks",
				);
				PRODUCT_BUNDLE_IDENTIFIER = com.br.leodegeus.BeyondSwiftTests;
				PRODUCT_NAME = "$(TARGET_NAME)";
				SWIFT_VERSION = 4.2;
				TARGETED_DEVICE_FAMILY = "1,2";
				TEST_HOST = "$(BUILT_PRODUCTS_DIR)/BeyondSwift.app/BeyondSwift";
			};
			name = Release;
		};
		CDED3B9E212B03C500890CF3 /* Debug */ = {
			isa = XCBuildConfiguration;
			baseConfigurationReference = 1F6E77816A027BFB27D28277 /* Pods-BeyondSwiftUITests.debug.xcconfig */;
			buildSettings = {
				ALWAYS_EMBED_SWIFT_STANDARD_LIBRARIES = YES;
				CODE_SIGN_STYLE = Automatic;
				DEVELOPMENT_TEAM = 4V6XCMA27T;
				INFOPLIST_FILE = BeyondSwiftUITests/Info.plist;
				LD_RUNPATH_SEARCH_PATHS = (
					"$(inherited)",
					"@executable_path/Frameworks",
					"@loader_path/Frameworks",
				);
				PRODUCT_BUNDLE_IDENTIFIER = com.br.leodegeus.BeyondSwiftUITests;
				PRODUCT_NAME = "$(TARGET_NAME)";
				SWIFT_VERSION = 4.2;
				TARGETED_DEVICE_FAMILY = "1,2";
				TEST_TARGET_NAME = BeyondSwift;
			};
			name = Debug;
		};
		CDED3B9F212B03C500890CF3 /* Release */ = {
			isa = XCBuildConfiguration;
			baseConfigurationReference = 2E7219D365B3AFF8F7E77DE9 /* Pods-BeyondSwiftUITests.release.xcconfig */;
			buildSettings = {
				ALWAYS_EMBED_SWIFT_STANDARD_LIBRARIES = YES;
				CODE_SIGN_STYLE = Automatic;
				DEVELOPMENT_TEAM = 4V6XCMA27T;
				INFOPLIST_FILE = BeyondSwiftUITests/Info.plist;
				LD_RUNPATH_SEARCH_PATHS = (
					"$(inherited)",
					"@executable_path/Frameworks",
					"@loader_path/Frameworks",
				);
				PRODUCT_BUNDLE_IDENTIFIER = com.br.leodegeus.BeyondSwiftUITests;
				PRODUCT_NAME = "$(TARGET_NAME)";
				SWIFT_VERSION = 4.2;
				TARGETED_DEVICE_FAMILY = "1,2";
				TEST_TARGET_NAME = BeyondSwift;
			};
			name = Release;
		};
/* End XCBuildConfiguration section */

/* Begin XCConfigurationList section */
		CDED3B6A212B03C300890CF3 /* Build configuration list for PBXProject "BeyondSwift" */ = {
			isa = XCConfigurationList;
			buildConfigurations = (
				CDED3B95212B03C500890CF3 /* Debug */,
				CDED3B96212B03C500890CF3 /* Release */,
			);
			defaultConfigurationIsVisible = 0;
			defaultConfigurationName = Release;
		};
		CDED3B97212B03C500890CF3 /* Build configuration list for PBXNativeTarget "BeyondSwift" */ = {
			isa = XCConfigurationList;
			buildConfigurations = (
				CDED3B99212B03C500890CF3 /* Release */,
				CDB49FE3213EF82E000A39B1 /* Debug */,
			);
			defaultConfigurationIsVisible = 0;
			defaultConfigurationName = Release;
		};
		CDED3B9A212B03C500890CF3 /* Build configuration list for PBXNativeTarget "BeyondSwiftTests" */ = {
			isa = XCConfigurationList;
			buildConfigurations = (
				CDED3B9B212B03C500890CF3 /* Debug */,
				CDED3B9C212B03C500890CF3 /* Release */,
			);
			defaultConfigurationIsVisible = 0;
			defaultConfigurationName = Release;
		};
		CDED3B9D212B03C500890CF3 /* Build configuration list for PBXNativeTarget "BeyondSwiftUITests" */ = {
			isa = XCConfigurationList;
			buildConfigurations = (
				CDED3B9E212B03C500890CF3 /* Debug */,
				CDED3B9F212B03C500890CF3 /* Release */,
			);
			defaultConfigurationIsVisible = 0;
			defaultConfigurationName = Release;
		};
/* End XCConfigurationList section */
	};
	rootObject = CDED3B67212B03C300890CF3 /* Project object */;
}
