// !$*UTF8*$!
{
	archiveVersion = 1;
	classes = {
	};
	objectVersion = 50;
	objects = {

/* Begin PBXBuildFile section */
		11599ABBB92B9A8AF79983CC /* Pods_BeyondSwiftUITests.framework in Frameworks */ = {isa = PBXBuildFile; fileRef = BC8B45720761D910277ADD7C /* Pods_BeyondSwiftUITests.framework */; };
		58D66BF5F1EFF9A1FB348A3E /* Pods_BeyondSwift.framework in Frameworks */ = {isa = PBXBuildFile; fileRef = 0D250B0B9D8DC8D8FA0C3C21 /* Pods_BeyondSwift.framework */; };
		C8F5F63CF9A52D89DAECE8D0 /* Pods_BeyondSwiftTests.framework in Frameworks */ = {isa = PBXBuildFile; fileRef = CCB9F2AF7CC07363BAE05C93 /* Pods_BeyondSwiftTests.framework */; };
		CDF35864212B4A1B003BD95E /* AppDelegate.swift in Sources */ = {isa = PBXBuildFile; fileRef = CDF35863212B4A1B003BD95E /* AppDelegate.swift */; };
		CDF35866212B4A1B003BD95E /* ViewController.swift in Sources */ = {isa = PBXBuildFile; fileRef = CDF35865212B4A1B003BD95E /* ViewController.swift */; };
		CDF35869212B4A1B003BD95E /* Main.storyboard in Resources */ = {isa = PBXBuildFile; fileRef = CDF35867212B4A1B003BD95E /* Main.storyboard */; };
		CDF3586B212B4A1D003BD95E /* Assets.xcassets in Resources */ = {isa = PBXBuildFile; fileRef = CDF3586A212B4A1D003BD95E /* Assets.xcassets */; };
		CDF3586E212B4A1D003BD95E /* LaunchScreen.storyboard in Resources */ = {isa = PBXBuildFile; fileRef = CDF3586C212B4A1D003BD95E /* LaunchScreen.storyboard */; };
		CDF35879212B4A1D003BD95E /* BeyondSwiftTests.swift in Sources */ = {isa = PBXBuildFile; fileRef = CDF35878212B4A1D003BD95E /* BeyondSwiftTests.swift */; };
		CDF35884212B4A1D003BD95E /* BeyondSwiftUITests.swift in Sources */ = {isa = PBXBuildFile; fileRef = CDF35883212B4A1D003BD95E /* BeyondSwiftUITests.swift */; };
/* End PBXBuildFile section */

/* Begin PBXContainerItemProxy section */
		CDF35875212B4A1D003BD95E /* PBXContainerItemProxy */ = {
			isa = PBXContainerItemProxy;
			containerPortal = CDF35858212B4A1B003BD95E /* Project object */;
			proxyType = 1;
			remoteGlobalIDString = CDF3585F212B4A1B003BD95E;
			remoteInfo = BeyondSwift;
		};
		CDF35880212B4A1D003BD95E /* PBXContainerItemProxy */ = {
			isa = PBXContainerItemProxy;
			containerPortal = CDF35858212B4A1B003BD95E /* Project object */;
			proxyType = 1;
			remoteGlobalIDString = CDF3585F212B4A1B003BD95E;
			remoteInfo = BeyondSwift;
		};
/* End PBXContainerItemProxy section */

/* Begin PBXFileReference section */
		0D250B0B9D8DC8D8FA0C3C21 /* Pods_BeyondSwift.framework */ = {isa = PBXFileReference; explicitFileType = wrapper.framework; includeInIndex = 0; path = Pods_BeyondSwift.framework; sourceTree = BUILT_PRODUCTS_DIR; };
		22B45CE53B6846B7B950D050 /* Pods-BeyondSwift.release.xcconfig */ = {isa = PBXFileReference; includeInIndex = 1; lastKnownFileType = text.xcconfig; name = "Pods-BeyondSwift.release.xcconfig"; path = "Pods/Target Support Files/Pods-BeyondSwift/Pods-BeyondSwift.release.xcconfig"; sourceTree = "<group>"; };
		8820748EB2CDDF335456E49B /* Pods-BeyondSwiftTests.debug.xcconfig */ = {isa = PBXFileReference; includeInIndex = 1; lastKnownFileType = text.xcconfig; name = "Pods-BeyondSwiftTests.debug.xcconfig"; path = "Pods/Target Support Files/Pods-BeyondSwiftTests/Pods-BeyondSwiftTests.debug.xcconfig"; sourceTree = "<group>"; };
		9B4AB84F2EC86B29E56B8A8E /* Pods-BeyondSwiftUITests.debug.xcconfig */ = {isa = PBXFileReference; includeInIndex = 1; lastKnownFileType = text.xcconfig; name = "Pods-BeyondSwiftUITests.debug.xcconfig"; path = "Pods/Target Support Files/Pods-BeyondSwiftUITests/Pods-BeyondSwiftUITests.debug.xcconfig"; sourceTree = "<group>"; };
		BC8B45720761D910277ADD7C /* Pods_BeyondSwiftUITests.framework */ = {isa = PBXFileReference; explicitFileType = wrapper.framework; includeInIndex = 0; path = Pods_BeyondSwiftUITests.framework; sourceTree = BUILT_PRODUCTS_DIR; };
		CCB9F2AF7CC07363BAE05C93 /* Pods_BeyondSwiftTests.framework */ = {isa = PBXFileReference; explicitFileType = wrapper.framework; includeInIndex = 0; path = Pods_BeyondSwiftTests.framework; sourceTree = BUILT_PRODUCTS_DIR; };
		CDF35860212B4A1B003BD95E /* BeyondSwift.app */ = {isa = PBXFileReference; explicitFileType = wrapper.application; includeInIndex = 0; path = BeyondSwift.app; sourceTree = BUILT_PRODUCTS_DIR; };
		CDF35863212B4A1B003BD95E /* AppDelegate.swift */ = {isa = PBXFileReference; lastKnownFileType = sourcecode.swift; path = AppDelegate.swift; sourceTree = "<group>"; };
		CDF35865212B4A1B003BD95E /* ViewController.swift */ = {isa = PBXFileReference; lastKnownFileType = sourcecode.swift; path = ViewController.swift; sourceTree = "<group>"; };
		CDF35868212B4A1B003BD95E /* Base */ = {isa = PBXFileReference; lastKnownFileType = file.storyboard; name = Base; path = Base.lproj/Main.storyboard; sourceTree = "<group>"; };
		CDF3586A212B4A1D003BD95E /* Assets.xcassets */ = {isa = PBXFileReference; lastKnownFileType = folder.assetcatalog; path = Assets.xcassets; sourceTree = "<group>"; };
		CDF3586D212B4A1D003BD95E /* Base */ = {isa = PBXFileReference; lastKnownFileType = file.storyboard; name = Base; path = Base.lproj/LaunchScreen.storyboard; sourceTree = "<group>"; };
		CDF3586F212B4A1D003BD95E /* Info.plist */ = {isa = PBXFileReference; lastKnownFileType = text.plist.xml; path = Info.plist; sourceTree = "<group>"; };
		CDF35874212B4A1D003BD95E /* BeyondSwiftTests.xctest */ = {isa = PBXFileReference; explicitFileType = wrapper.cfbundle; includeInIndex = 0; path = BeyondSwiftTests.xctest; sourceTree = BUILT_PRODUCTS_DIR; };
		CDF35878212B4A1D003BD95E /* BeyondSwiftTests.swift */ = {isa = PBXFileReference; lastKnownFileType = sourcecode.swift; path = BeyondSwiftTests.swift; sourceTree = "<group>"; };
		CDF3587A212B4A1D003BD95E /* Info.plist */ = {isa = PBXFileReference; lastKnownFileType = text.plist.xml; path = Info.plist; sourceTree = "<group>"; };
		CDF3587F212B4A1D003BD95E /* BeyondSwiftUITests.xctest */ = {isa = PBXFileReference; explicitFileType = wrapper.cfbundle; includeInIndex = 0; path = BeyondSwiftUITests.xctest; sourceTree = BUILT_PRODUCTS_DIR; };
		CDF35883212B4A1D003BD95E /* BeyondSwiftUITests.swift */ = {isa = PBXFileReference; lastKnownFileType = sourcecode.swift; path = BeyondSwiftUITests.swift; sourceTree = "<group>"; };
		CDF35885212B4A1D003BD95E /* Info.plist */ = {isa = PBXFileReference; lastKnownFileType = text.plist.xml; path = Info.plist; sourceTree = "<group>"; };
		D5FB9FF06526EFE6C7E3D418 /* Pods-BeyondSwift.debug.xcconfig */ = {isa = PBXFileReference; includeInIndex = 1; lastKnownFileType = text.xcconfig; name = "Pods-BeyondSwift.debug.xcconfig"; path = "Pods/Target Support Files/Pods-BeyondSwift/Pods-BeyondSwift.debug.xcconfig"; sourceTree = "<group>"; };
		E4A00F79F05AFCAD6878D748 /* Pods-BeyondSwiftUITests.release.xcconfig */ = {isa = PBXFileReference; includeInIndex = 1; lastKnownFileType = text.xcconfig; name = "Pods-BeyondSwiftUITests.release.xcconfig"; path = "Pods/Target Support Files/Pods-BeyondSwiftUITests/Pods-BeyondSwiftUITests.release.xcconfig"; sourceTree = "<group>"; };
		F1D365B700B48FE280FBA03B /* Pods-BeyondSwiftTests.release.xcconfig */ = {isa = PBXFileReference; includeInIndex = 1; lastKnownFileType = text.xcconfig; name = "Pods-BeyondSwiftTests.release.xcconfig"; path = "Pods/Target Support Files/Pods-BeyondSwiftTests/Pods-BeyondSwiftTests.release.xcconfig"; sourceTree = "<group>"; };
/* End PBXFileReference section */

/* Begin PBXFrameworksBuildPhase section */
		CDF3585D212B4A1B003BD95E /* Frameworks */ = {
			isa = PBXFrameworksBuildPhase;
			buildActionMask = 2147483647;
			files = (
				58D66BF5F1EFF9A1FB348A3E /* Pods_BeyondSwift.framework in Frameworks */,
			);
			runOnlyForDeploymentPostprocessing = 0;
		};
		CDF35871212B4A1D003BD95E /* Frameworks */ = {
			isa = PBXFrameworksBuildPhase;
			buildActionMask = 2147483647;
			files = (
				C8F5F63CF9A52D89DAECE8D0 /* Pods_BeyondSwiftTests.framework in Frameworks */,
			);
			runOnlyForDeploymentPostprocessing = 0;
		};
		CDF3587C212B4A1D003BD95E /* Frameworks */ = {
			isa = PBXFrameworksBuildPhase;
			buildActionMask = 2147483647;
			files = (
				11599ABBB92B9A8AF79983CC /* Pods_BeyondSwiftUITests.framework in Frameworks */,
			);
			runOnlyForDeploymentPostprocessing = 0;
		};
/* End PBXFrameworksBuildPhase section */

/* Begin PBXGroup section */
		6E9D4B784F4CF5E2BADF49B5 /* Frameworks */ = {
			isa = PBXGroup;
			children = (
				0D250B0B9D8DC8D8FA0C3C21 /* Pods_BeyondSwift.framework */,
				CCB9F2AF7CC07363BAE05C93 /* Pods_BeyondSwiftTests.framework */,
				BC8B45720761D910277ADD7C /* Pods_BeyondSwiftUITests.framework */,
			);
			name = Frameworks;
			sourceTree = "<group>";
		};
		957FC8F3A568DA0E438B984E /* Pods */ = {
			isa = PBXGroup;
			children = (
				D5FB9FF06526EFE6C7E3D418 /* Pods-BeyondSwift.debug.xcconfig */,
				22B45CE53B6846B7B950D050 /* Pods-BeyondSwift.release.xcconfig */,
				8820748EB2CDDF335456E49B /* Pods-BeyondSwiftTests.debug.xcconfig */,
				F1D365B700B48FE280FBA03B /* Pods-BeyondSwiftTests.release.xcconfig */,
				9B4AB84F2EC86B29E56B8A8E /* Pods-BeyondSwiftUITests.debug.xcconfig */,
				E4A00F79F05AFCAD6878D748 /* Pods-BeyondSwiftUITests.release.xcconfig */,
			);
			name = Pods;
			sourceTree = "<group>";
		};
		CDF35857212B4A1B003BD95E = {
			isa = PBXGroup;
			children = (
				CDF35862212B4A1B003BD95E /* BeyondSwift */,
				CDF35877212B4A1D003BD95E /* BeyondSwiftTests */,
				CDF35882212B4A1D003BD95E /* BeyondSwiftUITests */,
				CDF35861212B4A1B003BD95E /* Products */,
				957FC8F3A568DA0E438B984E /* Pods */,
				6E9D4B784F4CF5E2BADF49B5 /* Frameworks */,
			);
			sourceTree = "<group>";
		};
		CDF35861212B4A1B003BD95E /* Products */ = {
			isa = PBXGroup;
			children = (
				CDF35860212B4A1B003BD95E /* BeyondSwift.app */,
				CDF35874212B4A1D003BD95E /* BeyondSwiftTests.xctest */,
				CDF3587F212B4A1D003BD95E /* BeyondSwiftUITests.xctest */,
			);
			name = Products;
			sourceTree = "<group>";
		};
		CDF35862212B4A1B003BD95E /* BeyondSwift */ = {
			isa = PBXGroup;
			children = (
				CDF35863212B4A1B003BD95E /* AppDelegate.swift */,
				CDF35865212B4A1B003BD95E /* ViewController.swift */,
				CDF35867212B4A1B003BD95E /* Main.storyboard */,
				CDF3586A212B4A1D003BD95E /* Assets.xcassets */,
				CDF3586C212B4A1D003BD95E /* LaunchScreen.storyboard */,
				CDF3586F212B4A1D003BD95E /* Info.plist */,
			);
			path = BeyondSwift;
			sourceTree = "<group>";
		};
		CDF35877212B4A1D003BD95E /* BeyondSwiftTests */ = {
			isa = PBXGroup;
			children = (
				CDF35878212B4A1D003BD95E /* BeyondSwiftTests.swift */,
				CDF3587A212B4A1D003BD95E /* Info.plist */,
			);
			path = BeyondSwiftTests;
			sourceTree = "<group>";
		};
		CDF35882212B4A1D003BD95E /* BeyondSwiftUITests */ = {
			isa = PBXGroup;
			children = (
				CDF35883212B4A1D003BD95E /* BeyondSwiftUITests.swift */,
				CDF35885212B4A1D003BD95E /* Info.plist */,
			);
			path = BeyondSwiftUITests;
			sourceTree = "<group>";
		};
/* End PBXGroup section */

/* Begin PBXNativeTarget section */
		CDF3585F212B4A1B003BD95E /* BeyondSwift */ = {
			isa = PBXNativeTarget;
			buildConfigurationList = CDF35888212B4A1D003BD95E /* Build configuration list for PBXNativeTarget "BeyondSwift" */;
			buildPhases = (
				6A9A79A0B5E11C92811AD6AE /* [CP] Check Pods Manifest.lock */,
				CDF3585C212B4A1B003BD95E /* Sources */,
				CDF3585D212B4A1B003BD95E /* Frameworks */,
				CDF3585E212B4A1B003BD95E /* Resources */,
				35775BAA7B7807A1EB32ADEB /* [CP] Embed Pods Frameworks */,
			);
			buildRules = (
			);
			dependencies = (
			);
			name = BeyondSwift;
			productName = BeyondSwift;
			productReference = CDF35860212B4A1B003BD95E /* BeyondSwift.app */;
			productType = "com.apple.product-type.application";
		};
		CDF35873212B4A1D003BD95E /* BeyondSwiftTests */ = {
			isa = PBXNativeTarget;
			buildConfigurationList = CDF3588B212B4A1D003BD95E /* Build configuration list for PBXNativeTarget "BeyondSwiftTests" */;
			buildPhases = (
				AB8EEDE911727CBCDF25B26A /* [CP] Check Pods Manifest.lock */,
				CDF35870212B4A1D003BD95E /* Sources */,
				CDF35871212B4A1D003BD95E /* Frameworks */,
				CDF35872212B4A1D003BD95E /* Resources */,
			);
			buildRules = (
			);
			dependencies = (
				CDF35876212B4A1D003BD95E /* PBXTargetDependency */,
			);
			name = BeyondSwiftTests;
			productName = BeyondSwiftTests;
			productReference = CDF35874212B4A1D003BD95E /* BeyondSwiftTests.xctest */;
			productType = "com.apple.product-type.bundle.unit-test";
		};
		CDF3587E212B4A1D003BD95E /* BeyondSwiftUITests */ = {
			isa = PBXNativeTarget;
			buildConfigurationList = CDF3588E212B4A1D003BD95E /* Build configuration list for PBXNativeTarget "BeyondSwiftUITests" */;
			buildPhases = (
				CF15595D30ADB90D636E5722 /* [CP] Check Pods Manifest.lock */,
				CDF3587B212B4A1D003BD95E /* Sources */,
				CDF3587C212B4A1D003BD95E /* Frameworks */,
				CDF3587D212B4A1D003BD95E /* Resources */,
			);
			buildRules = (
			);
			dependencies = (
				CDF35881212B4A1D003BD95E /* PBXTargetDependency */,
			);
			name = BeyondSwiftUITests;
			productName = BeyondSwiftUITests;
			productReference = CDF3587F212B4A1D003BD95E /* BeyondSwiftUITests.xctest */;
			productType = "com.apple.product-type.bundle.ui-testing";
		};
/* End PBXNativeTarget section */

/* Begin PBXProject section */
		CDF35858212B4A1B003BD95E /* Project object */ = {
			isa = PBXProject;
			attributes = {
				LastSwiftUpdateCheck = 0930;
				LastUpgradeCheck = 0930;
				ORGANIZATIONNAME = "Leonardo Geus";
				TargetAttributes = {
					CDF3585F212B4A1B003BD95E = {
						CreatedOnToolsVersion = 9.3;
					};
					CDF35873212B4A1D003BD95E = {
						CreatedOnToolsVersion = 9.3;
						TestTargetID = CDF3585F212B4A1B003BD95E;
					};
					CDF3587E212B4A1D003BD95E = {
						CreatedOnToolsVersion = 9.3;
						TestTargetID = CDF3585F212B4A1B003BD95E;
					};
				};
			};
			buildConfigurationList = CDF3585B212B4A1B003BD95E /* Build configuration list for PBXProject "BeyondSwift" */;
			compatibilityVersion = "Xcode 9.3";
			developmentRegion = en;
			hasScannedForEncodings = 0;
			knownRegions = (
				en,
				Base,
			);
			mainGroup = CDF35857212B4A1B003BD95E;
			productRefGroup = CDF35861212B4A1B003BD95E /* Products */;
			projectDirPath = "";
			projectRoot = "";
			targets = (
				CDF3585F212B4A1B003BD95E /* BeyondSwift */,
				CDF35873212B4A1D003BD95E /* BeyondSwiftTests */,
				CDF3587E212B4A1D003BD95E /* BeyondSwiftUITests */,
			);
		};
/* End PBXProject section */

/* Begin PBXResourcesBuildPhase section */
		CDF3585E212B4A1B003BD95E /* Resources */ = {
			isa = PBXResourcesBuildPhase;
			buildActionMask = 2147483647;
			files = (
				CDF3586E212B4A1D003BD95E /* LaunchScreen.storyboard in Resources */,
				CDF3586B212B4A1D003BD95E /* Assets.xcassets in Resources */,
				CDF35869212B4A1B003BD95E /* Main.storyboard in Resources */,
			);
			runOnlyForDeploymentPostprocessing = 0;
		};
		CDF35872212B4A1D003BD95E /* Resources */ = {
			isa = PBXResourcesBuildPhase;
			buildActionMask = 2147483647;
			files = (
			);
			runOnlyForDeploymentPostprocessing = 0;
		};
		CDF3587D212B4A1D003BD95E /* Resources */ = {
			isa = PBXResourcesBuildPhase;
			buildActionMask = 2147483647;
			files = (
			);
			runOnlyForDeploymentPostprocessing = 0;
		};
/* End PBXResourcesBuildPhase section */

/* Begin PBXShellScriptBuildPhase section */
		35775BAA7B7807A1EB32ADEB /* [CP] Embed Pods Frameworks */ = {
			isa = PBXShellScriptBuildPhase;
			buildActionMask = 2147483647;
			files = (
			);
			inputPaths = (
				"${SRCROOT}/Pods/Target Support Files/Pods-BeyondSwift/Pods-BeyondSwift-frameworks.sh",
				"${BUILT_PRODUCTS_DIR}/RxCocoa/RxCocoa.framework",
				"${BUILT_PRODUCTS_DIR}/RxSwift/RxSwift.framework",
			);
			name = "[CP] Embed Pods Frameworks";
			outputPaths = (
				"${TARGET_BUILD_DIR}/${FRAMEWORKS_FOLDER_PATH}/RxCocoa.framework",
				"${TARGET_BUILD_DIR}/${FRAMEWORKS_FOLDER_PATH}/RxSwift.framework",
			);
			runOnlyForDeploymentPostprocessing = 0;
			shellPath = /bin/sh;
			shellScript = "\"${SRCROOT}/Pods/Target Support Files/Pods-BeyondSwift/Pods-BeyondSwift-frameworks.sh\"\n";
			showEnvVarsInLog = 0;
		};
		6A9A79A0B5E11C92811AD6AE /* [CP] Check Pods Manifest.lock */ = {
			isa = PBXShellScriptBuildPhase;
			buildActionMask = 2147483647;
			files = (
			);
			inputPaths = (
				"${PODS_PODFILE_DIR_PATH}/Podfile.lock",
				"${PODS_ROOT}/Manifest.lock",
			);
			name = "[CP] Check Pods Manifest.lock";
			outputPaths = (
				"$(DERIVED_FILE_DIR)/Pods-BeyondSwift-checkManifestLockResult.txt",
			);
			runOnlyForDeploymentPostprocessing = 0;
			shellPath = /bin/sh;
			shellScript = "diff \"${PODS_PODFILE_DIR_PATH}/Podfile.lock\" \"${PODS_ROOT}/Manifest.lock\" > /dev/null\nif [ $? != 0 ] ; then\n    # print error to STDERR\n    echo \"error: The sandbox is not in sync with the Podfile.lock. Run 'pod install' or update your CocoaPods installation.\" >&2\n    exit 1\nfi\n# This output is used by Xcode 'outputs' to avoid re-running this script phase.\necho \"SUCCESS\" > \"${SCRIPT_OUTPUT_FILE_0}\"\n";
			showEnvVarsInLog = 0;
		};
		AB8EEDE911727CBCDF25B26A /* [CP] Check Pods Manifest.lock */ = {
			isa = PBXShellScriptBuildPhase;
			buildActionMask = 2147483647;
			files = (
			);
			inputPaths = (
				"${PODS_PODFILE_DIR_PATH}/Podfile.lock",
				"${PODS_ROOT}/Manifest.lock",
			);
			name = "[CP] Check Pods Manifest.lock";
			outputPaths = (
				"$(DERIVED_FILE_DIR)/Pods-BeyondSwiftTests-checkManifestLockResult.txt",
			);
			runOnlyForDeploymentPostprocessing = 0;
			shellPath = /bin/sh;
			shellScript = "diff \"${PODS_PODFILE_DIR_PATH}/Podfile.lock\" \"${PODS_ROOT}/Manifest.lock\" > /dev/null\nif [ $? != 0 ] ; then\n    # print error to STDERR\n    echo \"error: The sandbox is not in sync with the Podfile.lock. Run 'pod install' or update your CocoaPods installation.\" >&2\n    exit 1\nfi\n# This output is used by Xcode 'outputs' to avoid re-running this script phase.\necho \"SUCCESS\" > \"${SCRIPT_OUTPUT_FILE_0}\"\n";
			showEnvVarsInLog = 0;
		};
		CF15595D30ADB90D636E5722 /* [CP] Check Pods Manifest.lock */ = {
			isa = PBXShellScriptBuildPhase;
			buildActionMask = 2147483647;
			files = (
			);
			inputPaths = (
				"${PODS_PODFILE_DIR_PATH}/Podfile.lock",
				"${PODS_ROOT}/Manifest.lock",
			);
			name = "[CP] Check Pods Manifest.lock";
			outputPaths = (
				"$(DERIVED_FILE_DIR)/Pods-BeyondSwiftUITests-checkManifestLockResult.txt",
			);
			runOnlyForDeploymentPostprocessing = 0;
			shellPath = /bin/sh;
			shellScript = "diff \"${PODS_PODFILE_DIR_PATH}/Podfile.lock\" \"${PODS_ROOT}/Manifest.lock\" > /dev/null\nif [ $? != 0 ] ; then\n    # print error to STDERR\n    echo \"error: The sandbox is not in sync with the Podfile.lock. Run 'pod install' or update your CocoaPods installation.\" >&2\n    exit 1\nfi\n# This output is used by Xcode 'outputs' to avoid re-running this script phase.\necho \"SUCCESS\" > \"${SCRIPT_OUTPUT_FILE_0}\"\n";
			showEnvVarsInLog = 0;
		};
/* End PBXShellScriptBuildPhase section */

/* Begin PBXSourcesBuildPhase section */
		CDF3585C212B4A1B003BD95E /* Sources */ = {
			isa = PBXSourcesBuildPhase;
			buildActionMask = 2147483647;
			files = (
				CDF35866212B4A1B003BD95E /* ViewController.swift in Sources */,
				CDF35864212B4A1B003BD95E /* AppDelegate.swift in Sources */,
			);
			runOnlyForDeploymentPostprocessing = 0;
		};
		CDF35870212B4A1D003BD95E /* Sources */ = {
			isa = PBXSourcesBuildPhase;
			buildActionMask = 2147483647;
			files = (
				CDF35879212B4A1D003BD95E /* BeyondSwiftTests.swift in Sources */,
			);
			runOnlyForDeploymentPostprocessing = 0;
		};
		CDF3587B212B4A1D003BD95E /* Sources */ = {
			isa = PBXSourcesBuildPhase;
			buildActionMask = 2147483647;
			files = (
				CDF35884212B4A1D003BD95E /* BeyondSwiftUITests.swift in Sources */,
			);
			runOnlyForDeploymentPostprocessing = 0;
		};
/* End PBXSourcesBuildPhase section */

/* Begin PBXTargetDependency section */
		CDF35876212B4A1D003BD95E /* PBXTargetDependency */ = {
			isa = PBXTargetDependency;
			target = CDF3585F212B4A1B003BD95E /* BeyondSwift */;
			targetProxy = CDF35875212B4A1D003BD95E /* PBXContainerItemProxy */;
		};
		CDF35881212B4A1D003BD95E /* PBXTargetDependency */ = {
			isa = PBXTargetDependency;
			target = CDF3585F212B4A1B003BD95E /* BeyondSwift */;
			targetProxy = CDF35880212B4A1D003BD95E /* PBXContainerItemProxy */;
		};
/* End PBXTargetDependency section */

/* Begin PBXVariantGroup section */
		CDF35867212B4A1B003BD95E /* Main.storyboard */ = {
			isa = PBXVariantGroup;
			children = (
				CDF35868212B4A1B003BD95E /* Base */,
			);
			name = Main.storyboard;
			sourceTree = "<group>";
		};
		CDF3586C212B4A1D003BD95E /* LaunchScreen.storyboard */ = {
			isa = PBXVariantGroup;
			children = (
				CDF3586D212B4A1D003BD95E /* Base */,
			);
			name = LaunchScreen.storyboard;
			sourceTree = "<group>";
		};
/* End PBXVariantGroup section */

/* Begin XCBuildConfiguration section */
		CDF35886212B4A1D003BD95E /* Debug */ = {
			isa = XCBuildConfiguration;
			buildSettings = {
				ALWAYS_SEARCH_USER_PATHS = NO;
				CLANG_ANALYZER_NONNULL = YES;
				CLANG_ANALYZER_NUMBER_OBJECT_CONVERSION = YES_AGGRESSIVE;
				CLANG_CXX_LANGUAGE_STANDARD = "gnu++14";
				CLANG_CXX_LIBRARY = "libc++";
				CLANG_ENABLE_MODULES = YES;
				CLANG_ENABLE_OBJC_ARC = YES;
				CLANG_ENABLE_OBJC_WEAK = YES;
				CLANG_WARN_BLOCK_CAPTURE_AUTORELEASING = YES;
				CLANG_WARN_BOOL_CONVERSION = YES;
				CLANG_WARN_COMMA = YES;
				CLANG_WARN_CONSTANT_CONVERSION = YES;
				CLANG_WARN_DEPRECATED_OBJC_IMPLEMENTATIONS = YES;
				CLANG_WARN_DIRECT_OBJC_ISA_USAGE = YES_ERROR;
				CLANG_WARN_DOCUMENTATION_COMMENTS = YES;
				CLANG_WARN_EMPTY_BODY = YES;
				CLANG_WARN_ENUM_CONVERSION = YES;
				CLANG_WARN_INFINITE_RECURSION = YES;
				CLANG_WARN_INT_CONVERSION = YES;
				CLANG_WARN_NON_LITERAL_NULL_CONVERSION = YES;
				CLANG_WARN_OBJC_IMPLICIT_RETAIN_SELF = YES;
				CLANG_WARN_OBJC_LITERAL_CONVERSION = YES;
				CLANG_WARN_OBJC_ROOT_CLASS = YES_ERROR;
				CLANG_WARN_RANGE_LOOP_ANALYSIS = YES;
				CLANG_WARN_STRICT_PROTOTYPES = YES;
				CLANG_WARN_SUSPICIOUS_MOVE = YES;
				CLANG_WARN_UNGUARDED_AVAILABILITY = YES_AGGRESSIVE;
				CLANG_WARN_UNREACHABLE_CODE = YES;
				CLANG_WARN__DUPLICATE_METHOD_MATCH = YES;
				CODE_SIGN_IDENTITY = "iPhone Developer";
				COPY_PHASE_STRIP = NO;
				DEBUG_INFORMATION_FORMAT = dwarf;
				ENABLE_STRICT_OBJC_MSGSEND = YES;
				ENABLE_TESTABILITY = YES;
				GCC_C_LANGUAGE_STANDARD = gnu11;
				GCC_DYNAMIC_NO_PIC = NO;
				GCC_NO_COMMON_BLOCKS = YES;
				GCC_OPTIMIZATION_LEVEL = 0;
				GCC_PREPROCESSOR_DEFINITIONS = (
					"DEBUG=1",
					"$(inherited)",
				);
				GCC_WARN_64_TO_32_BIT_CONVERSION = YES;
				GCC_WARN_ABOUT_RETURN_TYPE = YES_ERROR;
				GCC_WARN_UNDECLARED_SELECTOR = YES;
				GCC_WARN_UNINITIALIZED_AUTOS = YES_AGGRESSIVE;
				GCC_WARN_UNUSED_FUNCTION = YES;
				GCC_WARN_UNUSED_VARIABLE = YES;
				IPHONEOS_DEPLOYMENT_TARGET = 11.3;
				MTL_ENABLE_DEBUG_INFO = YES;
				ONLY_ACTIVE_ARCH = YES;
				SDKROOT = iphoneos;
				SWIFT_ACTIVE_COMPILATION_CONDITIONS = DEBUG;
				SWIFT_OPTIMIZATION_LEVEL = "-Onone";
			};
			name = Debug;
		};
		CDF35887212B4A1D003BD95E /* Release */ = {
			isa = XCBuildConfiguration;
			buildSettings = {
				ALWAYS_SEARCH_USER_PATHS = NO;
				CLANG_ANALYZER_NONNULL = YES;
				CLANG_ANALYZER_NUMBER_OBJECT_CONVERSION = YES_AGGRESSIVE;
				CLANG_CXX_LANGUAGE_STANDARD = "gnu++14";
				CLANG_CXX_LIBRARY = "libc++";
				CLANG_ENABLE_MODULES = YES;
				CLANG_ENABLE_OBJC_ARC = YES;
				CLANG_ENABLE_OBJC_WEAK = YES;
				CLANG_WARN_BLOCK_CAPTURE_AUTORELEASING = YES;
				CLANG_WARN_BOOL_CONVERSION = YES;
				CLANG_WARN_COMMA = YES;
				CLANG_WARN_CONSTANT_CONVERSION = YES;
				CLANG_WARN_DEPRECATED_OBJC_IMPLEMENTATIONS = YES;
				CLANG_WARN_DIRECT_OBJC_ISA_USAGE = YES_ERROR;
				CLANG_WARN_DOCUMENTATION_COMMENTS = YES;
				CLANG_WARN_EMPTY_BODY = YES;
				CLANG_WARN_ENUM_CONVERSION = YES;
				CLANG_WARN_INFINITE_RECURSION = YES;
				CLANG_WARN_INT_CONVERSION = YES;
				CLANG_WARN_NON_LITERAL_NULL_CONVERSION = YES;
				CLANG_WARN_OBJC_IMPLICIT_RETAIN_SELF = YES;
				CLANG_WARN_OBJC_LITERAL_CONVERSION = YES;
				CLANG_WARN_OBJC_ROOT_CLASS = YES_ERROR;
				CLANG_WARN_RANGE_LOOP_ANALYSIS = YES;
				CLANG_WARN_STRICT_PROTOTYPES = YES;
				CLANG_WARN_SUSPICIOUS_MOVE = YES;
				CLANG_WARN_UNGUARDED_AVAILABILITY = YES_AGGRESSIVE;
				CLANG_WARN_UNREACHABLE_CODE = YES;
				CLANG_WARN__DUPLICATE_METHOD_MATCH = YES;
				CODE_SIGN_IDENTITY = "iPhone Developer";
				COPY_PHASE_STRIP = NO;
				DEBUG_INFORMATION_FORMAT = "dwarf-with-dsym";
				ENABLE_NS_ASSERTIONS = NO;
				ENABLE_STRICT_OBJC_MSGSEND = YES;
				GCC_C_LANGUAGE_STANDARD = gnu11;
				GCC_NO_COMMON_BLOCKS = YES;
				GCC_WARN_64_TO_32_BIT_CONVERSION = YES;
				GCC_WARN_ABOUT_RETURN_TYPE = YES_ERROR;
				GCC_WARN_UNDECLARED_SELECTOR = YES;
				GCC_WARN_UNINITIALIZED_AUTOS = YES_AGGRESSIVE;
				GCC_WARN_UNUSED_FUNCTION = YES;
				GCC_WARN_UNUSED_VARIABLE = YES;
				IPHONEOS_DEPLOYMENT_TARGET = 11.3;
				MTL_ENABLE_DEBUG_INFO = NO;
				SDKROOT = iphoneos;
				SWIFT_COMPILATION_MODE = wholemodule;
				SWIFT_OPTIMIZATION_LEVEL = "-O";
				VALIDATE_PRODUCT = YES;
			};
			name = Release;
		};
		CDF35889212B4A1D003BD95E /* Debug */ = {
			isa = XCBuildConfiguration;
			baseConfigurationReference = D5FB9FF06526EFE6C7E3D418 /* Pods-BeyondSwift.debug.xcconfig */;
			buildSettings = {
				ASSETCATALOG_COMPILER_APPICON_NAME = AppIcon;
				CODE_SIGN_STYLE = Automatic;
				DEVELOPMENT_TEAM = 4V6XCMA27T;
				INFOPLIST_FILE = BeyondSwift/Info.plist;
				LD_RUNPATH_SEARCH_PATHS = "$(inherited) @executable_path/Frameworks";
				PRODUCT_BUNDLE_IDENTIFIER = com.br.leodegeus.BeyondSwift;
				PRODUCT_NAME = "$(TARGET_NAME)";
				SWIFT_VERSION = 4.0;
				TARGETED_DEVICE_FAMILY = "1,2";
			};
			name = Debug;
		};
		CDF3588A212B4A1D003BD95E /* Release */ = {
			isa = XCBuildConfiguration;
			baseConfigurationReference = 22B45CE53B6846B7B950D050 /* Pods-BeyondSwift.release.xcconfig */;
			buildSettings = {
				ASSETCATALOG_COMPILER_APPICON_NAME = AppIcon;
				CODE_SIGN_STYLE = Automatic;
				DEVELOPMENT_TEAM = 4V6XCMA27T;
				INFOPLIST_FILE = BeyondSwift/Info.plist;
				LD_RUNPATH_SEARCH_PATHS = "$(inherited) @executable_path/Frameworks";
				PRODUCT_BUNDLE_IDENTIFIER = com.br.leodegeus.BeyondSwift;
				PRODUCT_NAME = "$(TARGET_NAME)";
				SWIFT_VERSION = 4.0;
				TARGETED_DEVICE_FAMILY = "1,2";
			};
			name = Release;
		};
		CDF3588C212B4A1D003BD95E /* Debug */ = {
			isa = XCBuildConfiguration;
			baseConfigurationReference = 8820748EB2CDDF335456E49B /* Pods-BeyondSwiftTests.debug.xcconfig */;
			buildSettings = {
				ALWAYS_EMBED_SWIFT_STANDARD_LIBRARIES = YES;
				BUNDLE_LOADER = "$(TEST_HOST)";
				CODE_SIGN_STYLE = Automatic;
				DEVELOPMENT_TEAM = 4V6XCMA27T;
				INFOPLIST_FILE = BeyondSwiftTests/Info.plist;
				LD_RUNPATH_SEARCH_PATHS = "$(inherited) @executable_path/Frameworks @loader_path/Frameworks";
				PRODUCT_BUNDLE_IDENTIFIER = com.br.leodegeus.BeyondSwiftTests;
				PRODUCT_NAME = "$(TARGET_NAME)";
				SWIFT_VERSION = 4.0;
				TARGETED_DEVICE_FAMILY = "1,2";
				TEST_HOST = "$(BUILT_PRODUCTS_DIR)/BeyondSwift.app/BeyondSwift";
			};
			name = Debug;
		};
		CDF3588D212B4A1D003BD95E /* Release */ = {
			isa = XCBuildConfiguration;
			baseConfigurationReference = F1D365B700B48FE280FBA03B /* Pods-BeyondSwiftTests.release.xcconfig */;
			buildSettings = {
				ALWAYS_EMBED_SWIFT_STANDARD_LIBRARIES = YES;
				BUNDLE_LOADER = "$(TEST_HOST)";
				CODE_SIGN_STYLE = Automatic;
				DEVELOPMENT_TEAM = 4V6XCMA27T;
				INFOPLIST_FILE = BeyondSwiftTests/Info.plist;
				LD_RUNPATH_SEARCH_PATHS = "$(inherited) @executable_path/Frameworks @loader_path/Frameworks";
				PRODUCT_BUNDLE_IDENTIFIER = com.br.leodegeus.BeyondSwiftTests;
				PRODUCT_NAME = "$(TARGET_NAME)";
				SWIFT_VERSION = 4.0;
				TARGETED_DEVICE_FAMILY = "1,2";
				TEST_HOST = "$(BUILT_PRODUCTS_DIR)/BeyondSwift.app/BeyondSwift";
			};
			name = Release;
		};
		CDF3588F212B4A1D003BD95E /* Debug */ = {
			isa = XCBuildConfiguration;
			baseConfigurationReference = 9B4AB84F2EC86B29E56B8A8E /* Pods-BeyondSwiftUITests.debug.xcconfig */;
			buildSettings = {
				ALWAYS_EMBED_SWIFT_STANDARD_LIBRARIES = YES;
				CODE_SIGN_STYLE = Automatic;
				DEVELOPMENT_TEAM = 4V6XCMA27T;
				INFOPLIST_FILE = BeyondSwiftUITests/Info.plist;
				LD_RUNPATH_SEARCH_PATHS = "$(inherited) @executable_path/Frameworks @loader_path/Frameworks";
				PRODUCT_BUNDLE_IDENTIFIER = com.br.leodegeus.BeyondSwiftUITests;
				PRODUCT_NAME = "$(TARGET_NAME)";
				SWIFT_VERSION = 4.0;
				TARGETED_DEVICE_FAMILY = "1,2";
				TEST_TARGET_NAME = BeyondSwift;
			};
			name = Debug;
		};
		CDF35890212B4A1D003BD95E /* Release */ = {
			isa = XCBuildConfiguration;
			baseConfigurationReference = E4A00F79F05AFCAD6878D748 /* Pods-BeyondSwiftUITests.release.xcconfig */;
			buildSettings = {
				ALWAYS_EMBED_SWIFT_STANDARD_LIBRARIES = YES;
				CODE_SIGN_STYLE = Automatic;
				DEVELOPMENT_TEAM = 4V6XCMA27T;
				INFOPLIST_FILE = BeyondSwiftUITests/Info.plist;
				LD_RUNPATH_SEARCH_PATHS = "$(inherited) @executable_path/Frameworks @loader_path/Frameworks";
				PRODUCT_BUNDLE_IDENTIFIER = com.br.leodegeus.BeyondSwiftUITests;
				PRODUCT_NAME = "$(TARGET_NAME)";
				SWIFT_VERSION = 4.0;
				TARGETED_DEVICE_FAMILY = "1,2";
				TEST_TARGET_NAME = BeyondSwift;
			};
			name = Release;
		};
/* End XCBuildConfiguration section */

/* Begin XCConfigurationList section */
		CDF3585B212B4A1B003BD95E /* Build configuration list for PBXProject "BeyondSwift" */ = {
			isa = XCConfigurationList;
			buildConfigurations = (
				CDF35886212B4A1D003BD95E /* Debug */,
				CDF35887212B4A1D003BD95E /* Release */,
			);
			defaultConfigurationIsVisible = 0;
			defaultConfigurationName = Release;
		};
		CDF35888212B4A1D003BD95E /* Build configuration list for PBXNativeTarget "BeyondSwift" */ = {
			isa = XCConfigurationList;
			buildConfigurations = (
				CDF35889212B4A1D003BD95E /* Debug */,
				CDF3588A212B4A1D003BD95E /* Release */,
			);
			defaultConfigurationIsVisible = 0;
			defaultConfigurationName = Release;
		};
		CDF3588B212B4A1D003BD95E /* Build configuration list for PBXNativeTarget "BeyondSwiftTests" */ = {
			isa = XCConfigurationList;
			buildConfigurations = (
				CDF3588C212B4A1D003BD95E /* Debug */,
				CDF3588D212B4A1D003BD95E /* Release */,
			);
			defaultConfigurationIsVisible = 0;
			defaultConfigurationName = Release;
		};
		CDF3588E212B4A1D003BD95E /* Build configuration list for PBXNativeTarget "BeyondSwiftUITests" */ = {
			isa = XCConfigurationList;
			buildConfigurations = (
				CDF3588F212B4A1D003BD95E /* Debug */,
				CDF35890212B4A1D003BD95E /* Release */,
			);
			defaultConfigurationIsVisible = 0;
			defaultConfigurationName = Release;
		};
/* End XCConfigurationList section */
	};
	rootObject = CDF35858212B4A1B003BD95E /* Project object */;
}
